
Microsoft Visual Studio Solution File, Format Version 12.00
# Visual Studio Version 16
VisualStudioVersion = 16.0.809.0
MinimumVisualStudioVersion = 10.0.40219.1
Project("{FAE04EC0-301F-11D3-BF4B-00C04F79EFBC}") = "DiscountMonitor.AppConsole", "DiscountMonitor.AppConsole.csproj", "{B9D2A73F-B0F0-4B81-A6A1-A414BBADE2CE}"
EndProject
Global
	GlobalSection(SolutionConfigurationPlatforms) = preSolution
		Debug|Any CPU = Debug|Any CPU
		Release|Any CPU = Release|Any CPU
	EndGlobalSection
	GlobalSection(ProjectConfigurationPlatforms) = postSolution
		{B9D2A73F-B0F0-4B81-A6A1-A414BBADE2CE}.Debug|Any CPU.ActiveCfg = Debug|Any CPU
		{B9D2A73F-B0F0-4B81-A6A1-A414BBADE2CE}.Debug|Any CPU.Build.0 = Debug|Any CPU
		{B9D2A73F-B0F0-4B81-A6A1-A414BBADE2CE}.Release|Any CPU.ActiveCfg = Release|Any CPU
		{B9D2A73F-B0F0-4B81-A6A1-A414BBADE2CE}.Release|Any CPU.Build.0 = Release|Any CPU
	EndGlobalSection
	GlobalSection(SolutionProperties) = preSolution
		HideSolutionNode = FALSE
	EndGlobalSection
	GlobalSection(ExtensibilityGlobals) = postSolution
		SolutionGuid = {4A8AD016-2AE8-4411-B7EC-BD3C50E91FC2}
	EndGlobalSection
EndGlobal
